
Microsoft Visual Studio Solution File, Format Version 12.00
# Visual Studio 15
VisualStudioVersion = 15.0.28307.102
MinimumVisualStudioVersion = 10.0.40219.1
Project("{FAE04EC0-301F-11D3-BF4B-00C04F79EFBC}") = "TakenApp.Android", "TakenApp\TakenApp.Android\TakenApp.Android.csproj", "{9E5794A5-C9C3-4CF4-B081-B56612484A1E}"
EndProject
Project("{FAE04EC0-301F-11D3-BF4B-00C04F79EFBC}") = "TakenApp", "TakenApp\TakenApp\TakenApp.csproj", "{1BAB4DA1-9B57-4B66-A507-A0973D18C293}"
EndProject
Global
	GlobalSection(SolutionConfigurationPlatforms) = preSolution
		Debug|Any CPU = Debug|Any CPU
		Release|Any CPU = Release|Any CPU
	EndGlobalSection
	GlobalSection(ProjectConfigurationPlatforms) = postSolution
		{9E5794A5-C9C3-4CF4-B081-B56612484A1E}.Debug|Any CPU.ActiveCfg = Debug|Any CPU
		{9E5794A5-C9C3-4CF4-B081-B56612484A1E}.Debug|Any CPU.Build.0 = Debug|Any CPU
		{9E5794A5-C9C3-4CF4-B081-B56612484A1E}.Debug|Any CPU.Deploy.0 = Debug|Any CPU
		{9E5794A5-C9C3-4CF4-B081-B56612484A1E}.Release|Any CPU.ActiveCfg = Release|Any CPU
		{9E5794A5-C9C3-4CF4-B081-B56612484A1E}.Release|Any CPU.Build.0 = Release|Any CPU
		{9E5794A5-C9C3-4CF4-B081-B56612484A1E}.Release|Any CPU.Deploy.0 = Release|Any CPU
		{1BAB4DA1-9B57-4B66-A507-A0973D18C293}.Debug|Any CPU.ActiveCfg = Debug|Any CPU
		{1BAB4DA1-9B57-4B66-A507-A0973D18C293}.Debug|Any CPU.Build.0 = Debug|Any CPU
		{1BAB4DA1-9B57-4B66-A507-A0973D18C293}.Debug|Any CPU.Deploy.0 = Debug|Any CPU
		{1BAB4DA1-9B57-4B66-A507-A0973D18C293}.Release|Any CPU.ActiveCfg = Release|Any CPU
		{1BAB4DA1-9B57-4B66-A507-A0973D18C293}.Release|Any CPU.Build.0 = Release|Any CPU
		{1BAB4DA1-9B57-4B66-A507-A0973D18C293}.Release|Any CPU.Deploy.0 = Release|Any CPU
	EndGlobalSection
	GlobalSection(SolutionProperties) = preSolution
		HideSolutionNode = FALSE
	EndGlobalSection
	GlobalSection(ExtensibilityGlobals) = postSolution
		SolutionGuid = {6B0ABBE2-4B6C-4A0B-895D-33330DC97330}
	EndGlobalSection
EndGlobal
